
Microsoft Visual Studio Solution File, Format Version 12.00
# Visual Studio Version 16
VisualStudioVersion = 16.0.31402.337
MinimumVisualStudioVersion = 10.0.40219.1
Project("{FAE04EC0-301F-11D3-BF4B-00C04F79EFBC}") = "TestJunRoboKommerc", "TestJunRoboKommerc\TestJunRoboKommerc.csproj", "{FDF0847E-D440-4532-9D08-2061BC09487E}"
EndProject
Global
	GlobalSection(SolutionConfigurationPlatforms) = preSolution
		Debug|Any CPU = Debug|Any CPU
		Release|Any CPU = Release|Any CPU
	EndGlobalSection
	GlobalSection(ProjectConfigurationPlatforms) = postSolution
		{FDF0847E-D440-4532-9D08-2061BC09487E}.Debug|Any CPU.ActiveCfg = Debug|Any CPU
		{FDF0847E-D440-4532-9D08-2061BC09487E}.Debug|Any CPU.Build.0 = Debug|Any CPU
		{FDF0847E-D440-4532-9D08-2061BC09487E}.Release|Any CPU.ActiveCfg = Release|Any CPU
		{FDF0847E-D440-4532-9D08-2061BC09487E}.Release|Any CPU.Build.0 = Release|Any CPU
	EndGlobalSection
	GlobalSection(SolutionProperties) = preSolution
		HideSolutionNode = FALSE
	EndGlobalSection
	GlobalSection(ExtensibilityGlobals) = postSolution
		SolutionGuid = {7F8F31FF-65D7-4C85-BD9B-613FEC052BF5}
	EndGlobalSection
EndGlobal
